
Microsoft Visual Studio Solution File, Format Version 12.00
# Visual Studio Version 17
VisualStudioVersion = 17.11.35219.272
MinimumVisualStudioVersion = 10.0.40219.1
Project("{9A19103F-16F7-4668-BE54-9A1E7A4F7556}") = "Lab 1", "Lab 1\Lab 1.csproj", "{48843D6D-CDD6-46DD-AF8C-5BF99DA239E3}"
EndProject
Project("{2150E333-8FDC-42A3-9474-1A3956D46DE8}") = "Lab1", "Lab1", "{4F6B15D9-FAEF-4454-B560-CE0CF49EBF8C}"
EndProject
Project("{2150E333-8FDC-42A3-9474-1A3956D46DE8}") = "Lab2", "Lab2", "{440D41CF-E5BA-4492-AF5A-3AEF5FCB63FF}"
EndProject
Project("{9A19103F-16F7-4668-BE54-9A1E7A4F7556}") = "Task02_01", "Task02_01\Task02_01.csproj", "{7B8A3D63-EFE7-4D2C-988B-84FB1DEB0478}"
EndProject
Project("{9A19103F-16F7-4668-BE54-9A1E7A4F7556}") = "Task02_02", "Task02_02\Task02_02.csproj", "{95108FA1-FE70-489C-AB66-4683478B3C1E}"
EndProject
Project("{9A19103F-16F7-4668-BE54-9A1E7A4F7556}") = "Task02_03", "Task02_03\Task02_03.csproj", "{4254D83D-D64D-41C5-92B9-3F4000288E1B}"
EndProject
Project("{FAE04EC0-301F-11D3-BF4B-00C04F79EFBC}") = "Task02_04", "Task02_04\Task02_04.csproj", "{42C56FD6-341E-4C81-8BBD-213DED2321E1}"
EndProject
Project("{FAE04EC0-301F-11D3-BF4B-00C04F79EFBC}") = "Task02_05", "Task02_05\Task02_05.csproj", "{3A9AC4FF-A6D4-4178-BF78-41FA03250FD6}"
EndProject
Project("{FAE04EC0-301F-11D3-BF4B-00C04F79EFBC}") = "Task02_06", "Task02_06\Task02_06.csproj", "{047629CB-4120-4AF8-A693-F4FA2FD09775}"
EndProject
Project("{FAE04EC0-301F-11D3-BF4B-00C04F79EFBC}") = "Task02_7", "Task02_7\Task02_7.csproj", "{7A817E1A-9067-400E-B4CA-9B16A38B897B}"
EndProject
Project("{FAE04EC0-301F-11D3-BF4B-00C04F79EFBC}") = "Task02_8", "Task02_8\Task02_8.csproj", "{0AC197C2-16F6-4102-98C1-F57994769605}"
EndProject
Project("{FAE04EC0-301F-11D3-BF4B-00C04F79EFBC}") = "Task02_9", "Task02_9\Task02_9.csproj", "{3800A695-10A3-4AAD-B7BB-89BBDD749268}"
EndProject
Project("{FAE04EC0-301F-11D3-BF4B-00C04F79EFBC}") = "Task02_10", "Task02_10\Task02_10.csproj", "{229FAD82-29B2-4C00-8BFF-B514C2A530C9}"
EndProject
Global
	GlobalSection(SolutionConfigurationPlatforms) = preSolution
		Debug|Any CPU = Debug|Any CPU
		Release|Any CPU = Release|Any CPU
	EndGlobalSection
	GlobalSection(ProjectConfigurationPlatforms) = postSolution
		{48843D6D-CDD6-46DD-AF8C-5BF99DA239E3}.Debug|Any CPU.ActiveCfg = Debug|Any CPU
		{48843D6D-CDD6-46DD-AF8C-5BF99DA239E3}.Debug|Any CPU.Build.0 = Debug|Any CPU
		{48843D6D-CDD6-46DD-AF8C-5BF99DA239E3}.Release|Any CPU.ActiveCfg = Release|Any CPU
		{48843D6D-CDD6-46DD-AF8C-5BF99DA239E3}.Release|Any CPU.Build.0 = Release|Any CPU
		{7B8A3D63-EFE7-4D2C-988B-84FB1DEB0478}.Debug|Any CPU.ActiveCfg = Debug|Any CPU
		{7B8A3D63-EFE7-4D2C-988B-84FB1DEB0478}.Debug|Any CPU.Build.0 = Debug|Any CPU
		{7B8A3D63-EFE7-4D2C-988B-84FB1DEB0478}.Release|Any CPU.ActiveCfg = Release|Any CPU
		{7B8A3D63-EFE7-4D2C-988B-84FB1DEB0478}.Release|Any CPU.Build.0 = Release|Any CPU
		{95108FA1-FE70-489C-AB66-4683478B3C1E}.Debug|Any CPU.ActiveCfg = Debug|Any CPU
		{95108FA1-FE70-489C-AB66-4683478B3C1E}.Debug|Any CPU.Build.0 = Debug|Any CPU
		{95108FA1-FE70-489C-AB66-4683478B3C1E}.Release|Any CPU.ActiveCfg = Release|Any CPU
		{95108FA1-FE70-489C-AB66-4683478B3C1E}.Release|Any CPU.Build.0 = Release|Any CPU
		{4254D83D-D64D-41C5-92B9-3F4000288E1B}.Debug|Any CPU.ActiveCfg = Debug|Any CPU
		{4254D83D-D64D-41C5-92B9-3F4000288E1B}.Debug|Any CPU.Build.0 = Debug|Any CPU
		{4254D83D-D64D-41C5-92B9-3F4000288E1B}.Release|Any CPU.ActiveCfg = Release|Any CPU
		{4254D83D-D64D-41C5-92B9-3F4000288E1B}.Release|Any CPU.Build.0 = Release|Any CPU
		{42C56FD6-341E-4C81-8BBD-213DED2321E1}.Debug|Any CPU.ActiveCfg = Debug|Any CPU
		{42C56FD6-341E-4C81-8BBD-213DED2321E1}.Debug|Any CPU.Build.0 = Debug|Any CPU
		{42C56FD6-341E-4C81-8BBD-213DED2321E1}.Release|Any CPU.ActiveCfg = Release|Any CPU
		{42C56FD6-341E-4C81-8BBD-213DED2321E1}.Release|Any CPU.Build.0 = Release|Any CPU
		{3A9AC4FF-A6D4-4178-BF78-41FA03250FD6}.Debug|Any CPU.ActiveCfg = Debug|Any CPU
		{3A9AC4FF-A6D4-4178-BF78-41FA03250FD6}.Debug|Any CPU.Build.0 = Debug|Any CPU
		{3A9AC4FF-A6D4-4178-BF78-41FA03250FD6}.Release|Any CPU.ActiveCfg = Release|Any CPU
		{3A9AC4FF-A6D4-4178-BF78-41FA03250FD6}.Release|Any CPU.Build.0 = Release|Any CPU
		{047629CB-4120-4AF8-A693-F4FA2FD09775}.Debug|Any CPU.ActiveCfg = Debug|Any CPU
		{047629CB-4120-4AF8-A693-F4FA2FD09775}.Debug|Any CPU.Build.0 = Debug|Any CPU
		{047629CB-4120-4AF8-A693-F4FA2FD09775}.Release|Any CPU.ActiveCfg = Release|Any CPU
		{047629CB-4120-4AF8-A693-F4FA2FD09775}.Release|Any CPU.Build.0 = Release|Any CPU
		{7A817E1A-9067-400E-B4CA-9B16A38B897B}.Debug|Any CPU.ActiveCfg = Debug|Any CPU
		{7A817E1A-9067-400E-B4CA-9B16A38B897B}.Debug|Any CPU.Build.0 = Debug|Any CPU
		{7A817E1A-9067-400E-B4CA-9B16A38B897B}.Release|Any CPU.ActiveCfg = Release|Any CPU
		{7A817E1A-9067-400E-B4CA-9B16A38B897B}.Release|Any CPU.Build.0 = Release|Any CPU
		{0AC197C2-16F6-4102-98C1-F57994769605}.Debug|Any CPU.ActiveCfg = Debug|Any CPU
		{0AC197C2-16F6-4102-98C1-F57994769605}.Debug|Any CPU.Build.0 = Debug|Any CPU
		{0AC197C2-16F6-4102-98C1-F57994769605}.Release|Any CPU.ActiveCfg = Release|Any CPU
		{0AC197C2-16F6-4102-98C1-F57994769605}.Release|Any CPU.Build.0 = Release|Any CPU
		{3800A695-10A3-4AAD-B7BB-89BBDD749268}.Debug|Any CPU.ActiveCfg = Debug|Any CPU
		{3800A695-10A3-4AAD-B7BB-89BBDD749268}.Debug|Any CPU.Build.0 = Debug|Any CPU
		{3800A695-10A3-4AAD-B7BB-89BBDD749268}.Release|Any CPU.ActiveCfg = Release|Any CPU
		{3800A695-10A3-4AAD-B7BB-89BBDD749268}.Release|Any CPU.Build.0 = Release|Any CPU
		{229FAD82-29B2-4C00-8BFF-B514C2A530C9}.Debug|Any CPU.ActiveCfg = Debug|Any CPU
		{229FAD82-29B2-4C00-8BFF-B514C2A530C9}.Debug|Any CPU.Build.0 = Debug|Any CPU
		{229FAD82-29B2-4C00-8BFF-B514C2A530C9}.Release|Any CPU.ActiveCfg = Release|Any CPU
		{229FAD82-29B2-4C00-8BFF-B514C2A530C9}.Release|Any CPU.Build.0 = Release|Any CPU
	EndGlobalSection
	GlobalSection(SolutionProperties) = preSolution
		HideSolutionNode = FALSE
	EndGlobalSection
	GlobalSection(NestedProjects) = preSolution
		{48843D6D-CDD6-46DD-AF8C-5BF99DA239E3} = {4F6B15D9-FAEF-4454-B560-CE0CF49EBF8C}
		{7B8A3D63-EFE7-4D2C-988B-84FB1DEB0478} = {440D41CF-E5BA-4492-AF5A-3AEF5FCB63FF}
		{95108FA1-FE70-489C-AB66-4683478B3C1E} = {440D41CF-E5BA-4492-AF5A-3AEF5FCB63FF}
		{4254D83D-D64D-41C5-92B9-3F4000288E1B} = {440D41CF-E5BA-4492-AF5A-3AEF5FCB63FF}
		{42C56FD6-341E-4C81-8BBD-213DED2321E1} = {440D41CF-E5BA-4492-AF5A-3AEF5FCB63FF}
		{3A9AC4FF-A6D4-4178-BF78-41FA03250FD6} = {440D41CF-E5BA-4492-AF5A-3AEF5FCB63FF}
		{047629CB-4120-4AF8-A693-F4FA2FD09775} = {440D41CF-E5BA-4492-AF5A-3AEF5FCB63FF}
		{7A817E1A-9067-400E-B4CA-9B16A38B897B} = {440D41CF-E5BA-4492-AF5A-3AEF5FCB63FF}
		{0AC197C2-16F6-4102-98C1-F57994769605} = {440D41CF-E5BA-4492-AF5A-3AEF5FCB63FF}
		{3800A695-10A3-4AAD-B7BB-89BBDD749268} = {440D41CF-E5BA-4492-AF5A-3AEF5FCB63FF}
		{229FAD82-29B2-4C00-8BFF-B514C2A530C9} = {440D41CF-E5BA-4492-AF5A-3AEF5FCB63FF}
	EndGlobalSection
	GlobalSection(ExtensibilityGlobals) = postSolution
		SolutionGuid = {D4A84C2F-CA0F-4B68-8FC3-AFF80C6A6C72}
	EndGlobalSection
EndGlobal
