
Microsoft Visual Studio Solution File, Format Version 12.00
# Visual Studio Version 17
VisualStudioVersion = 17.11.35219.272
MinimumVisualStudioVersion = 10.0.40219.1
Project("{9A19103F-16F7-4668-BE54-9A1E7A4F7556}") = "Lab 1", "Lab 1\Lab 1.csproj", "{48843D6D-CDD6-46DD-AF8C-5BF99DA239E3}"
EndProject
Project("{2150E333-8FDC-42A3-9474-1A3956D46DE8}") = "Lab1", "Lab1", "{4F6B15D9-FAEF-4454-B560-CE0CF49EBF8C}"
EndProject
Project("{2150E333-8FDC-42A3-9474-1A3956D46DE8}") = "Lab2", "Lab2", "{440D41CF-E5BA-4492-AF5A-3AEF5FCB63FF}"
EndProject
Project("{9A19103F-16F7-4668-BE54-9A1E7A4F7556}") = "Task02_01", "Task02_01\Task02_01.csproj", "{7B8A3D63-EFE7-4D2C-988B-84FB1DEB0478}"
EndProject
Project("{9A19103F-16F7-4668-BE54-9A1E7A4F7556}") = "Task02_02", "Task02_02\Task02_02.csproj", "{95108FA1-FE70-489C-AB66-4683478B3C1E}"
EndProject
Project("{9A19103F-16F7-4668-BE54-9A1E7A4F7556}") = "Task02_03", "Task02_03\Task02_03.csproj", "{4254D83D-D64D-41C5-92B9-3F4000288E1B}"
EndProject
Project("{9A19103F-16F7-4668-BE54-9A1E7A4F7556}") = "Task02_04", "Task02_04\Task02_04.csproj", "{42C56FD6-341E-4C81-8BBD-213DED2321E1}"
EndProject
Project("{9A19103F-16F7-4668-BE54-9A1E7A4F7556}") = "Task02_05", "Task02_05\Task02_05.csproj", "{3A9AC4FF-A6D4-4178-BF78-41FA03250FD6}"
EndProject
Project("{9A19103F-16F7-4668-BE54-9A1E7A4F7556}") = "Task02_06", "Task02_06\Task02_06.csproj", "{047629CB-4120-4AF8-A693-F4FA2FD09775}"
EndProject
Project("{9A19103F-16F7-4668-BE54-9A1E7A4F7556}") = "Task02_07", "Task02_7\Task02_07.csproj", "{7A817E1A-9067-400E-B4CA-9B16A38B897B}"
EndProject
Project("{9A19103F-16F7-4668-BE54-9A1E7A4F7556}") = "Task02_08", "Task02_8\Task02_08.csproj", "{0AC197C2-16F6-4102-98C1-F57994769605}"
EndProject
Project("{9A19103F-16F7-4668-BE54-9A1E7A4F7556}") = "Task02_09", "Task02_9\Task02_09.csproj", "{3800A695-10A3-4AAD-B7BB-89BBDD749268}"
EndProject
Project("{9A19103F-16F7-4668-BE54-9A1E7A4F7556}") = "Task02_10", "Task02_10\Task02_10.csproj", "{229FAD82-29B2-4C00-8BFF-B514C2A530C9}"
EndProject
Project("{2150E333-8FDC-42A3-9474-1A3956D46DE8}") = "Lab3", "Lab3", "{14B5E3A9-BC73-4FFA-9F58-CF546A09358C}"
EndProject
Project("{9A19103F-16F7-4668-BE54-9A1E7A4F7556}") = "Task03_01", "Task03_01\Task03_01.csproj", "{0195698D-A443-425F-84C4-D28EC3B9E6D3}"
EndProject
Project("{9A19103F-16F7-4668-BE54-9A1E7A4F7556}") = "Task03_02", "Task03_02\Task03_02.csproj", "{96917CE6-9B84-4469-9F65-F7DD9589EFC3}"
EndProject
Project("{9A19103F-16F7-4668-BE54-9A1E7A4F7556}") = "Task03_03", "Task03_03\Task03_03.csproj", "{71775041-846A-4C19-A8C8-A5E4FEB36214}"
EndProject
Project("{9A19103F-16F7-4668-BE54-9A1E7A4F7556}") = "Task03_04", "Task03_04\Task03_04.csproj", "{211B6003-5660-408E-B967-4D58F772C22C}"
EndProject
Project("{9A19103F-16F7-4668-BE54-9A1E7A4F7556}") = "Task03_05", "Task03_05\Task03_05.csproj", "{5FA64D38-4CE6-4FD0-A9B0-46A8D0ED037C}"
EndProject
Project("{FAE04EC0-301F-11D3-BF4B-00C04F79EFBC}") = "Task03_06", "Task03_06\Task03_06.csproj", "{92C63691-F656-4199-899C-14BAB815369F}"
EndProject
Project("{2150E333-8FDC-42A3-9474-1A3956D46DE8}") = "Lab4", "Lab4", "{9EA84396-D4D9-4C00-8BBC-E1E31A1EF96D}"
EndProject
Project("{FAE04EC0-301F-11D3-BF4B-00C04F79EFBC}") = "Task04_01", "Task04_01\Task04_01.csproj", "{FCFFDD3B-7649-4E68-A4EE-2E2DE9B49689}"
EndProject
Global
	GlobalSection(SolutionConfigurationPlatforms) = preSolution
		Debug|Any CPU = Debug|Any CPU
		Release|Any CPU = Release|Any CPU
	EndGlobalSection
	GlobalSection(ProjectConfigurationPlatforms) = postSolution
		{48843D6D-CDD6-46DD-AF8C-5BF99DA239E3}.Debug|Any CPU.ActiveCfg = Debug|Any CPU
		{48843D6D-CDD6-46DD-AF8C-5BF99DA239E3}.Debug|Any CPU.Build.0 = Debug|Any CPU
		{48843D6D-CDD6-46DD-AF8C-5BF99DA239E3}.Release|Any CPU.ActiveCfg = Release|Any CPU
		{48843D6D-CDD6-46DD-AF8C-5BF99DA239E3}.Release|Any CPU.Build.0 = Release|Any CPU
		{7B8A3D63-EFE7-4D2C-988B-84FB1DEB0478}.Debug|Any CPU.ActiveCfg = Debug|Any CPU
		{7B8A3D63-EFE7-4D2C-988B-84FB1DEB0478}.Debug|Any CPU.Build.0 = Debug|Any CPU
		{7B8A3D63-EFE7-4D2C-988B-84FB1DEB0478}.Release|Any CPU.ActiveCfg = Release|Any CPU
		{7B8A3D63-EFE7-4D2C-988B-84FB1DEB0478}.Release|Any CPU.Build.0 = Release|Any CPU
		{95108FA1-FE70-489C-AB66-4683478B3C1E}.Debug|Any CPU.ActiveCfg = Debug|Any CPU
		{95108FA1-FE70-489C-AB66-4683478B3C1E}.Debug|Any CPU.Build.0 = Debug|Any CPU
		{95108FA1-FE70-489C-AB66-4683478B3C1E}.Release|Any CPU.ActiveCfg = Release|Any CPU
		{95108FA1-FE70-489C-AB66-4683478B3C1E}.Release|Any CPU.Build.0 = Release|Any CPU
		{4254D83D-D64D-41C5-92B9-3F4000288E1B}.Debug|Any CPU.ActiveCfg = Debug|Any CPU
		{4254D83D-D64D-41C5-92B9-3F4000288E1B}.Debug|Any CPU.Build.0 = Debug|Any CPU
		{4254D83D-D64D-41C5-92B9-3F4000288E1B}.Release|Any CPU.ActiveCfg = Release|Any CPU
		{4254D83D-D64D-41C5-92B9-3F4000288E1B}.Release|Any CPU.Build.0 = Release|Any CPU
		{42C56FD6-341E-4C81-8BBD-213DED2321E1}.Debug|Any CPU.ActiveCfg = Debug|Any CPU
		{42C56FD6-341E-4C81-8BBD-213DED2321E1}.Debug|Any CPU.Build.0 = Debug|Any CPU
		{42C56FD6-341E-4C81-8BBD-213DED2321E1}.Release|Any CPU.ActiveCfg = Release|Any CPU
		{42C56FD6-341E-4C81-8BBD-213DED2321E1}.Release|Any CPU.Build.0 = Release|Any CPU
		{3A9AC4FF-A6D4-4178-BF78-41FA03250FD6}.Debug|Any CPU.ActiveCfg = Debug|Any CPU
		{3A9AC4FF-A6D4-4178-BF78-41FA03250FD6}.Debug|Any CPU.Build.0 = Debug|Any CPU
		{3A9AC4FF-A6D4-4178-BF78-41FA03250FD6}.Release|Any CPU.ActiveCfg = Release|Any CPU
		{3A9AC4FF-A6D4-4178-BF78-41FA03250FD6}.Release|Any CPU.Build.0 = Release|Any CPU
		{047629CB-4120-4AF8-A693-F4FA2FD09775}.Debug|Any CPU.ActiveCfg = Debug|Any CPU
		{047629CB-4120-4AF8-A693-F4FA2FD09775}.Debug|Any CPU.Build.0 = Debug|Any CPU
		{047629CB-4120-4AF8-A693-F4FA2FD09775}.Release|Any CPU.ActiveCfg = Release|Any CPU
		{047629CB-4120-4AF8-A693-F4FA2FD09775}.Release|Any CPU.Build.0 = Release|Any CPU
		{7A817E1A-9067-400E-B4CA-9B16A38B897B}.Debug|Any CPU.ActiveCfg = Debug|Any CPU
		{7A817E1A-9067-400E-B4CA-9B16A38B897B}.Debug|Any CPU.Build.0 = Debug|Any CPU
		{7A817E1A-9067-400E-B4CA-9B16A38B897B}.Release|Any CPU.ActiveCfg = Release|Any CPU
		{7A817E1A-9067-400E-B4CA-9B16A38B897B}.Release|Any CPU.Build.0 = Release|Any CPU
		{0AC197C2-16F6-4102-98C1-F57994769605}.Debug|Any CPU.ActiveCfg = Debug|Any CPU
		{0AC197C2-16F6-4102-98C1-F57994769605}.Debug|Any CPU.Build.0 = Debug|Any CPU
		{0AC197C2-16F6-4102-98C1-F57994769605}.Release|Any CPU.ActiveCfg = Release|Any CPU
		{0AC197C2-16F6-4102-98C1-F57994769605}.Release|Any CPU.Build.0 = Release|Any CPU
		{3800A695-10A3-4AAD-B7BB-89BBDD749268}.Debug|Any CPU.ActiveCfg = Debug|Any CPU
		{3800A695-10A3-4AAD-B7BB-89BBDD749268}.Debug|Any CPU.Build.0 = Debug|Any CPU
		{3800A695-10A3-4AAD-B7BB-89BBDD749268}.Release|Any CPU.ActiveCfg = Release|Any CPU
		{3800A695-10A3-4AAD-B7BB-89BBDD749268}.Release|Any CPU.Build.0 = Release|Any CPU
		{229FAD82-29B2-4C00-8BFF-B514C2A530C9}.Debug|Any CPU.ActiveCfg = Debug|Any CPU
		{229FAD82-29B2-4C00-8BFF-B514C2A530C9}.Debug|Any CPU.Build.0 = Debug|Any CPU
		{229FAD82-29B2-4C00-8BFF-B514C2A530C9}.Release|Any CPU.ActiveCfg = Release|Any CPU
		{229FAD82-29B2-4C00-8BFF-B514C2A530C9}.Release|Any CPU.Build.0 = Release|Any CPU
		{0195698D-A443-425F-84C4-D28EC3B9E6D3}.Debug|Any CPU.ActiveCfg = Debug|Any CPU
		{0195698D-A443-425F-84C4-D28EC3B9E6D3}.Debug|Any CPU.Build.0 = Debug|Any CPU
		{0195698D-A443-425F-84C4-D28EC3B9E6D3}.Release|Any CPU.ActiveCfg = Release|Any CPU
		{0195698D-A443-425F-84C4-D28EC3B9E6D3}.Release|Any CPU.Build.0 = Release|Any CPU
		{96917CE6-9B84-4469-9F65-F7DD9589EFC3}.Debug|Any CPU.ActiveCfg = Debug|Any CPU
		{96917CE6-9B84-4469-9F65-F7DD9589EFC3}.Debug|Any CPU.Build.0 = Debug|Any CPU
		{96917CE6-9B84-4469-9F65-F7DD9589EFC3}.Release|Any CPU.ActiveCfg = Release|Any CPU
		{96917CE6-9B84-4469-9F65-F7DD9589EFC3}.Release|Any CPU.Build.0 = Release|Any CPU
		{71775041-846A-4C19-A8C8-A5E4FEB36214}.Debug|Any CPU.ActiveCfg = Debug|Any CPU
		{71775041-846A-4C19-A8C8-A5E4FEB36214}.Debug|Any CPU.Build.0 = Debug|Any CPU
		{71775041-846A-4C19-A8C8-A5E4FEB36214}.Release|Any CPU.ActiveCfg = Release|Any CPU
		{71775041-846A-4C19-A8C8-A5E4FEB36214}.Release|Any CPU.Build.0 = Release|Any CPU
		{211B6003-5660-408E-B967-4D58F772C22C}.Debug|Any CPU.ActiveCfg = Debug|Any CPU
		{211B6003-5660-408E-B967-4D58F772C22C}.Debug|Any CPU.Build.0 = Debug|Any CPU
		{211B6003-5660-408E-B967-4D58F772C22C}.Release|Any CPU.ActiveCfg = Release|Any CPU
		{211B6003-5660-408E-B967-4D58F772C22C}.Release|Any CPU.Build.0 = Release|Any CPU
		{5FA64D38-4CE6-4FD0-A9B0-46A8D0ED037C}.Debug|Any CPU.ActiveCfg = Debug|Any CPU
		{5FA64D38-4CE6-4FD0-A9B0-46A8D0ED037C}.Debug|Any CPU.Build.0 = Debug|Any CPU
		{5FA64D38-4CE6-4FD0-A9B0-46A8D0ED037C}.Release|Any CPU.ActiveCfg = Release|Any CPU
		{5FA64D38-4CE6-4FD0-A9B0-46A8D0ED037C}.Release|Any CPU.Build.0 = Release|Any CPU
		{92C63691-F656-4199-899C-14BAB815369F}.Debug|Any CPU.ActiveCfg = Debug|Any CPU
		{92C63691-F656-4199-899C-14BAB815369F}.Debug|Any CPU.Build.0 = Debug|Any CPU
		{92C63691-F656-4199-899C-14BAB815369F}.Release|Any CPU.ActiveCfg = Release|Any CPU
		{92C63691-F656-4199-899C-14BAB815369F}.Release|Any CPU.Build.0 = Release|Any CPU
		{FCFFDD3B-7649-4E68-A4EE-2E2DE9B49689}.Debug|Any CPU.ActiveCfg = Debug|Any CPU
		{FCFFDD3B-7649-4E68-A4EE-2E2DE9B49689}.Debug|Any CPU.Build.0 = Debug|Any CPU
		{FCFFDD3B-7649-4E68-A4EE-2E2DE9B49689}.Release|Any CPU.ActiveCfg = Release|Any CPU
		{FCFFDD3B-7649-4E68-A4EE-2E2DE9B49689}.Release|Any CPU.Build.0 = Release|Any CPU
	EndGlobalSection
	GlobalSection(SolutionProperties) = preSolution
		HideSolutionNode = FALSE
	EndGlobalSection
	GlobalSection(NestedProjects) = preSolution
		{48843D6D-CDD6-46DD-AF8C-5BF99DA239E3} = {4F6B15D9-FAEF-4454-B560-CE0CF49EBF8C}
		{7B8A3D63-EFE7-4D2C-988B-84FB1DEB0478} = {440D41CF-E5BA-4492-AF5A-3AEF5FCB63FF}
		{95108FA1-FE70-489C-AB66-4683478B3C1E} = {440D41CF-E5BA-4492-AF5A-3AEF5FCB63FF}
		{4254D83D-D64D-41C5-92B9-3F4000288E1B} = {440D41CF-E5BA-4492-AF5A-3AEF5FCB63FF}
		{42C56FD6-341E-4C81-8BBD-213DED2321E1} = {440D41CF-E5BA-4492-AF5A-3AEF5FCB63FF}
		{3A9AC4FF-A6D4-4178-BF78-41FA03250FD6} = {440D41CF-E5BA-4492-AF5A-3AEF5FCB63FF}
		{047629CB-4120-4AF8-A693-F4FA2FD09775} = {440D41CF-E5BA-4492-AF5A-3AEF5FCB63FF}
		{7A817E1A-9067-400E-B4CA-9B16A38B897B} = {440D41CF-E5BA-4492-AF5A-3AEF5FCB63FF}
		{0AC197C2-16F6-4102-98C1-F57994769605} = {440D41CF-E5BA-4492-AF5A-3AEF5FCB63FF}
		{3800A695-10A3-4AAD-B7BB-89BBDD749268} = {440D41CF-E5BA-4492-AF5A-3AEF5FCB63FF}
		{229FAD82-29B2-4C00-8BFF-B514C2A530C9} = {440D41CF-E5BA-4492-AF5A-3AEF5FCB63FF}
		{0195698D-A443-425F-84C4-D28EC3B9E6D3} = {14B5E3A9-BC73-4FFA-9F58-CF546A09358C}
		{96917CE6-9B84-4469-9F65-F7DD9589EFC3} = {14B5E3A9-BC73-4FFA-9F58-CF546A09358C}
		{71775041-846A-4C19-A8C8-A5E4FEB36214} = {14B5E3A9-BC73-4FFA-9F58-CF546A09358C}
		{211B6003-5660-408E-B967-4D58F772C22C} = {14B5E3A9-BC73-4FFA-9F58-CF546A09358C}
		{5FA64D38-4CE6-4FD0-A9B0-46A8D0ED037C} = {14B5E3A9-BC73-4FFA-9F58-CF546A09358C}
		{92C63691-F656-4199-899C-14BAB815369F} = {14B5E3A9-BC73-4FFA-9F58-CF546A09358C}
		{FCFFDD3B-7649-4E68-A4EE-2E2DE9B49689} = {9EA84396-D4D9-4C00-8BBC-E1E31A1EF96D}
	EndGlobalSection
	GlobalSection(ExtensibilityGlobals) = postSolution
		SolutionGuid = {D4A84C2F-CA0F-4B68-8FC3-AFF80C6A6C72}
	EndGlobalSection
EndGlobal
