
Microsoft Visual Studio Solution File, Format Version 12.00
# Visual Studio Version 17
VisualStudioVersion = 17.11.35219.272
MinimumVisualStudioVersion = 10.0.40219.1
Project("{9A19103F-16F7-4668-BE54-9A1E7A4F7556}") = "Lab 1", "Lab 1\Lab 1.csproj", "{48843D6D-CDD6-46DD-AF8C-5BF99DA239E3}"
EndProject
Project("{2150E333-8FDC-42A3-9474-1A3956D46DE8}") = "Lab1", "Lab1", "{4F6B15D9-FAEF-4454-B560-CE0CF49EBF8C}"
EndProject
Project("{2150E333-8FDC-42A3-9474-1A3956D46DE8}") = "Lab2", "Lab2", "{440D41CF-E5BA-4492-AF5A-3AEF5FCB63FF}"
EndProject
Project("{9A19103F-16F7-4668-BE54-9A1E7A4F7556}") = "Task02_01", "Task02_01\Task02_01.csproj", "{7B8A3D63-EFE7-4D2C-988B-84FB1DEB0478}"
EndProject
Project("{9A19103F-16F7-4668-BE54-9A1E7A4F7556}") = "Task02_02", "Task02_02\Task02_02.csproj", "{95108FA1-FE70-489C-AB66-4683478B3C1E}"
EndProject
Project("{9A19103F-16F7-4668-BE54-9A1E7A4F7556}") = "Task02_03", "Task02_03\Task02_03.csproj", "{4254D83D-D64D-41C5-92B9-3F4000288E1B}"
EndProject
Project("{9A19103F-16F7-4668-BE54-9A1E7A4F7556}") = "Task02_04", "Task02_04\Task02_04.csproj", "{42C56FD6-341E-4C81-8BBD-213DED2321E1}"
EndProject
Project("{9A19103F-16F7-4668-BE54-9A1E7A4F7556}") = "Task02_05", "Task02_05\Task02_05.csproj", "{3A9AC4FF-A6D4-4178-BF78-41FA03250FD6}"
EndProject
Project("{9A19103F-16F7-4668-BE54-9A1E7A4F7556}") = "Task02_06", "Task02_06\Task02_06.csproj", "{047629CB-4120-4AF8-A693-F4FA2FD09775}"
EndProject
Project("{9A19103F-16F7-4668-BE54-9A1E7A4F7556}") = "Task02_07", "Task02_7\Task02_07.csproj", "{7A817E1A-9067-400E-B4CA-9B16A38B897B}"
EndProject
Project("{9A19103F-16F7-4668-BE54-9A1E7A4F7556}") = "Task02_08", "Task02_8\Task02_08.csproj", "{0AC197C2-16F6-4102-98C1-F57994769605}"
EndProject
Project("{9A19103F-16F7-4668-BE54-9A1E7A4F7556}") = "Task02_09", "Task02_9\Task02_09.csproj", "{3800A695-10A3-4AAD-B7BB-89BBDD749268}"
EndProject
Project("{9A19103F-16F7-4668-BE54-9A1E7A4F7556}") = "Task02_10", "Task02_10\Task02_10.csproj", "{229FAD82-29B2-4C00-8BFF-B514C2A530C9}"
EndProject
Project("{2150E333-8FDC-42A3-9474-1A3956D46DE8}") = "Lab3", "Lab3", "{14B5E3A9-BC73-4FFA-9F58-CF546A09358C}"
EndProject
Project("{9A19103F-16F7-4668-BE54-9A1E7A4F7556}") = "Task03_01", "Task03_01\Task03_01.csproj", "{0195698D-A443-425F-84C4-D28EC3B9E6D3}"
EndProject
Project("{9A19103F-16F7-4668-BE54-9A1E7A4F7556}") = "Task03_02", "Task03_02\Task03_02.csproj", "{96917CE6-9B84-4469-9F65-F7DD9589EFC3}"
EndProject
Project("{9A19103F-16F7-4668-BE54-9A1E7A4F7556}") = "Task03_03", "Task03_03\Task03_03.csproj", "{71775041-846A-4C19-A8C8-A5E4FEB36214}"
EndProject
Project("{9A19103F-16F7-4668-BE54-9A1E7A4F7556}") = "Task03_04", "Task03_04\Task03_04.csproj", "{211B6003-5660-408E-B967-4D58F772C22C}"
EndProject
Project("{9A19103F-16F7-4668-BE54-9A1E7A4F7556}") = "Task03_05", "Task03_05\Task03_05.csproj", "{5FA64D38-4CE6-4FD0-A9B0-46A8D0ED037C}"
EndProject
Project("{9A19103F-16F7-4668-BE54-9A1E7A4F7556}") = "Task03_06", "Task03_06\Task03_06.csproj", "{92C63691-F656-4199-899C-14BAB815369F}"
EndProject
Project("{2150E333-8FDC-42A3-9474-1A3956D46DE8}") = "Lab4", "Lab4", "{9EA84396-D4D9-4C00-8BBC-E1E31A1EF96D}"
EndProject
Project("{9A19103F-16F7-4668-BE54-9A1E7A4F7556}") = "Task04_01", "Task04_01\Task04_01.csproj", "{FCFFDD3B-7649-4E68-A4EE-2E2DE9B49689}"
EndProject
Project("{9A19103F-16F7-4668-BE54-9A1E7A4F7556}") = "Task04_02", "Task04_02\Task04_02.csproj", "{D4434B82-887F-44D3-99AC-532C72EF4420}"
EndProject
Project("{9A19103F-16F7-4668-BE54-9A1E7A4F7556}") = "Task04_03", "Task04_03\Task04_03.csproj", "{B45FE992-4A0F-4BCF-AC9C-B6E098928761}"
EndProject
Project("{9A19103F-16F7-4668-BE54-9A1E7A4F7556}") = "Task04_04", "Task04_04\Task04_04.csproj", "{978A9C75-BD40-47DD-9CC3-46A7EE5C6B0A}"
EndProject
Project("{2150E333-8FDC-42A3-9474-1A3956D46DE8}") = "Lab5", "Lab5", "{7D6E91BD-EC1A-4B1D-A839-17E25783CDD4}"
EndProject
Project("{9A19103F-16F7-4668-BE54-9A1E7A4F7556}") = "Task05_01", "Task05_01\Task05_01.csproj", "{3877ACD7-9133-4856-9BAF-0694D8E32693}"
EndProject
Project("{9A19103F-16F7-4668-BE54-9A1E7A4F7556}") = "Task05_02", "Task05_02\Task05_02.csproj", "{0186F966-4093-4CF3-820B-BCA83968E966}"
EndProject
Project("{9A19103F-16F7-4668-BE54-9A1E7A4F7556}") = "Task05_03", "Task05_03\Task05_03.csproj", "{EDDD4449-53E2-4C20-9E5B-54CDB828C172}"
EndProject
Project("{2150E333-8FDC-42A3-9474-1A3956D46DE8}") = "Lab7", "Lab7", "{8BCD3058-FDDE-4741-83CB-AB4A1A462565}"
EndProject
Project("{9A19103F-16F7-4668-BE54-9A1E7A4F7556}") = "Task07_01", "Task7_01\Task07_01.csproj", "{65D33B91-F85A-4875-8CBD-F47ADB21A6C5}"
EndProject
Project("{9A19103F-16F7-4668-BE54-9A1E7A4F7556}") = "Task07_02_01", "Task07_02\Task07_02_01.csproj", "{850960F5-F193-40D4-B518-D34AC50C290F}"
EndProject
Project("{9A19103F-16F7-4668-BE54-9A1E7A4F7556}") = "Task07_02_02", "Task07_02_02\Task07_02_02.csproj", "{F267C05E-7483-43FA-97DD-424B890BD737}"
EndProject
Project("{9A19103F-16F7-4668-BE54-9A1E7A4F7556}") = "Task07_02_03", "Task07_02_03\Task07_02_03.csproj", "{F201C66F-B04B-46EF-A570-662C01F11D39}"
EndProject
Project("{9A19103F-16F7-4668-BE54-9A1E7A4F7556}") = "Task07_03", "Task07_03\Task07_03.csproj", "{2B69D3E6-BDC9-44E6-99B7-6EE8CD3E334F}"
EndProject
Project("{2150E333-8FDC-42A3-9474-1A3956D46DE8}") = "Lab8", "Lab8", "{3777E83F-820A-425F-9D18-5C2F095DE33E}"
EndProject
Project("{9A19103F-16F7-4668-BE54-9A1E7A4F7556}") = "Task08_01", "Task08_01\Task08_01.csproj", "{66E5734F-2C84-4547-822A-FDAA51C67DD9}"
EndProject
Project("{9A19103F-16F7-4668-BE54-9A1E7A4F7556}") = "Task08_03", "Task08_03\Task08_03.csproj", "{DAB8EF88-EEFB-45D3-B627-FBCBF4D972AD}"
EndProject
Project("{2150E333-8FDC-42A3-9474-1A3956D46DE8}") = "Lab9", "Lab9", "{9EAAB558-1BF9-48CA-B3B5-E35561E0FDE9}"
EndProject
Project("{9A19103F-16F7-4668-BE54-9A1E7A4F7556}") = "Task09_01", "Task09_01\Task09_01.csproj", "{3108B557-366E-4884-A42D-CFD58356EA07}"
EndProject
Project("{9A19103F-16F7-4668-BE54-9A1E7A4F7556}") = "Task09_03", "Task09_03\Task09_03.csproj", "{B17366C2-633E-40D8-A96E-DC10719DA490}"
EndProject
Project("{9A19103F-16F7-4668-BE54-9A1E7A4F7556}") = "Task09_04", "Task09_04\Task09_04.csproj", "{180AC5B9-A154-460F-A085-5D9307AB33BC}"
EndProject
Project("{9A19103F-16F7-4668-BE54-9A1E7A4F7556}") = "Task09_05", "Task09_05\Task09_05.csproj", "{D97CB6AA-70BA-4B2D-A9EB-33B6FBA1B60E}"
EndProject
Project("{9A19103F-16F7-4668-BE54-9A1E7A4F7556}") = "Task09_06", "Task09_06\Task09_06.csproj", "{8C201585-F281-4DB4-B38A-BD020A1A7926}"
EndProject
Project("{9A19103F-16F7-4668-BE54-9A1E7A4F7556}") = "Task09_07", "Task09_07\Task09_07.csproj", "{E81651DC-C065-4EEB-AD63-AE592D2EC66A}"
EndProject
Project("{9A19103F-16F7-4668-BE54-9A1E7A4F7556}") = "Task09_08", "Task09_08\Task09_08.csproj", "{96BB08A8-096B-4BDC-AB6B-D56715F2EEA3}"
EndProject
Project("{2150E333-8FDC-42A3-9474-1A3956D46DE8}") = "Lab13", "Lab13", "{668CB361-6977-4605-BA67-18F5A2A038DE}"
EndProject
Project("{9A19103F-16F7-4668-BE54-9A1E7A4F7556}") = "Lab13_1", "Lab13_1\Lab13_1.csproj", "{CE0C85BD-EB90-4836-B85D-66C27533A6B6}"
EndProject
Project("{9A19103F-16F7-4668-BE54-9A1E7A4F7556}") = "Lab13_2", "Lab13_2\Lab13_2.csproj", "{5F2B635A-4B2A-436A-BB08-5826CCDFBC16}"
EndProject
Project("{9A19103F-16F7-4668-BE54-9A1E7A4F7556}") = "Lab13_3", "Lab13_3\Lab13_3.csproj", "{70418DDB-4BD3-4830-8643-2B43B1DF33F6}"
EndProject
Project("{9A19103F-16F7-4668-BE54-9A1E7A4F7556}") = "Lab13_4", "Lab13_4\Lab13_4.csproj", "{BDADB1B6-0EC9-4C86-B041-5D262A283035}"
EndProject
Project("{9A19103F-16F7-4668-BE54-9A1E7A4F7556}") = "Lab13_5", "Lab13_5\Lab13_5.csproj", "{65CF691B-D559-4132-865D-1F560CCCDDB0}"
EndProject
Project("{9A19103F-16F7-4668-BE54-9A1E7A4F7556}") = "Lab13_6", "Lab13_6\Lab13_6.csproj", "{01A7CB4F-E7A3-44F9-B959-4610F1B3A34A}"
EndProject
Project("{9A19103F-16F7-4668-BE54-9A1E7A4F7556}") = "Lab13_7", "Lab13_7\Lab13_7.csproj", "{18D45A4F-82F9-4120-9325-7225A5F1EA37}"
EndProject
Project("{9A19103F-16F7-4668-BE54-9A1E7A4F7556}") = "Lab13_8", "Lab13_8\Lab13_8.csproj", "{53EC2B77-2868-448B-990B-B89291180CAD}"
EndProject
Project("{9A19103F-16F7-4668-BE54-9A1E7A4F7556}") = "Lab13_9", "Lab13_9\Lab13_9.csproj", "{AE1D012F-7910-4A41-B0C4-C6FCF722611A}"
EndProject
Project("{9A19103F-16F7-4668-BE54-9A1E7A4F7556}") = "Lab13_10", "Lab13_10\Lab13_10.csproj", "{40315E04-55C6-433E-AAA7-44BF96A551F8}"
EndProject
Project("{9A19103F-16F7-4668-BE54-9A1E7A4F7556}") = "Lab13_11", "Lab13_11\Lab13_11.csproj", "{E50A8A20-F673-4F19-8453-00FE384500CE}"
EndProject
Project("{9A19103F-16F7-4668-BE54-9A1E7A4F7556}") = "Lab13_12", "Lab13_12\Lab13_12.csproj", "{5AC3FE79-02E6-4F07-80F5-9C38C0BD9EB7}"
EndProject
Project("{9A19103F-16F7-4668-BE54-9A1E7A4F7556}") = "P01_HarvestingFields", "quest11\skeletons\P01_HarvestingFields\P01_HarvestingFields.csproj", "{280F621F-7FF7-4D0D-B28F-C0D7D84577B3}"
EndProject
Project("{2150E333-8FDC-42A3-9474-1A3956D46DE8}") = "Lab11", "Lab11", "{675954BC-17EB-4D95-8772-A626B18EBC3D}"
EndProject
Project("{9A19103F-16F7-4668-BE54-9A1E7A4F7556}") = "P02_BlackBoxInteger", "quest11\skeletons\P02_BlackBoxInteger\P02_BlackBoxInteger.csproj", "{EBBDCED3-A8D1-42C5-9708-2AFC66E9A5D8}"
EndProject
Project("{9A19103F-16F7-4668-BE54-9A1E7A4F7556}") = "Task11_3", "quest11.3\Task11_3.csproj", "{4CB95896-09FC-4D16-8448-E9704ACFEF59}"
EndProject
Project("{FAE04EC0-301F-11D3-BF4B-00C04F79EFBC}") = "Task11_4", "Task11_4\Task11_4.csproj", "{585AC5CD-A1B4-4F26-B1D5-B5BA09996182}"
EndProject
Global
	GlobalSection(SolutionConfigurationPlatforms) = preSolution
		Debug|Any CPU = Debug|Any CPU
		Release|Any CPU = Release|Any CPU
	EndGlobalSection
	GlobalSection(ProjectConfigurationPlatforms) = postSolution
		{48843D6D-CDD6-46DD-AF8C-5BF99DA239E3}.Debug|Any CPU.ActiveCfg = Debug|Any CPU
		{48843D6D-CDD6-46DD-AF8C-5BF99DA239E3}.Debug|Any CPU.Build.0 = Debug|Any CPU
		{48843D6D-CDD6-46DD-AF8C-5BF99DA239E3}.Release|Any CPU.ActiveCfg = Release|Any CPU
		{48843D6D-CDD6-46DD-AF8C-5BF99DA239E3}.Release|Any CPU.Build.0 = Release|Any CPU
		{7B8A3D63-EFE7-4D2C-988B-84FB1DEB0478}.Debug|Any CPU.ActiveCfg = Debug|Any CPU
		{7B8A3D63-EFE7-4D2C-988B-84FB1DEB0478}.Debug|Any CPU.Build.0 = Debug|Any CPU
		{7B8A3D63-EFE7-4D2C-988B-84FB1DEB0478}.Release|Any CPU.ActiveCfg = Release|Any CPU
		{7B8A3D63-EFE7-4D2C-988B-84FB1DEB0478}.Release|Any CPU.Build.0 = Release|Any CPU
		{95108FA1-FE70-489C-AB66-4683478B3C1E}.Debug|Any CPU.ActiveCfg = Debug|Any CPU
		{95108FA1-FE70-489C-AB66-4683478B3C1E}.Debug|Any CPU.Build.0 = Debug|Any CPU
		{95108FA1-FE70-489C-AB66-4683478B3C1E}.Release|Any CPU.ActiveCfg = Release|Any CPU
		{95108FA1-FE70-489C-AB66-4683478B3C1E}.Release|Any CPU.Build.0 = Release|Any CPU
		{4254D83D-D64D-41C5-92B9-3F4000288E1B}.Debug|Any CPU.ActiveCfg = Debug|Any CPU
		{4254D83D-D64D-41C5-92B9-3F4000288E1B}.Debug|Any CPU.Build.0 = Debug|Any CPU
		{4254D83D-D64D-41C5-92B9-3F4000288E1B}.Release|Any CPU.ActiveCfg = Release|Any CPU
		{4254D83D-D64D-41C5-92B9-3F4000288E1B}.Release|Any CPU.Build.0 = Release|Any CPU
		{42C56FD6-341E-4C81-8BBD-213DED2321E1}.Debug|Any CPU.ActiveCfg = Debug|Any CPU
		{42C56FD6-341E-4C81-8BBD-213DED2321E1}.Debug|Any CPU.Build.0 = Debug|Any CPU
		{42C56FD6-341E-4C81-8BBD-213DED2321E1}.Release|Any CPU.ActiveCfg = Release|Any CPU
		{42C56FD6-341E-4C81-8BBD-213DED2321E1}.Release|Any CPU.Build.0 = Release|Any CPU
		{3A9AC4FF-A6D4-4178-BF78-41FA03250FD6}.Debug|Any CPU.ActiveCfg = Debug|Any CPU
		{3A9AC4FF-A6D4-4178-BF78-41FA03250FD6}.Debug|Any CPU.Build.0 = Debug|Any CPU
		{3A9AC4FF-A6D4-4178-BF78-41FA03250FD6}.Release|Any CPU.ActiveCfg = Release|Any CPU
		{3A9AC4FF-A6D4-4178-BF78-41FA03250FD6}.Release|Any CPU.Build.0 = Release|Any CPU
		{047629CB-4120-4AF8-A693-F4FA2FD09775}.Debug|Any CPU.ActiveCfg = Debug|Any CPU
		{047629CB-4120-4AF8-A693-F4FA2FD09775}.Debug|Any CPU.Build.0 = Debug|Any CPU
		{047629CB-4120-4AF8-A693-F4FA2FD09775}.Release|Any CPU.ActiveCfg = Release|Any CPU
		{047629CB-4120-4AF8-A693-F4FA2FD09775}.Release|Any CPU.Build.0 = Release|Any CPU
		{7A817E1A-9067-400E-B4CA-9B16A38B897B}.Debug|Any CPU.ActiveCfg = Debug|Any CPU
		{7A817E1A-9067-400E-B4CA-9B16A38B897B}.Debug|Any CPU.Build.0 = Debug|Any CPU
		{7A817E1A-9067-400E-B4CA-9B16A38B897B}.Release|Any CPU.ActiveCfg = Release|Any CPU
		{7A817E1A-9067-400E-B4CA-9B16A38B897B}.Release|Any CPU.Build.0 = Release|Any CPU
		{0AC197C2-16F6-4102-98C1-F57994769605}.Debug|Any CPU.ActiveCfg = Debug|Any CPU
		{0AC197C2-16F6-4102-98C1-F57994769605}.Debug|Any CPU.Build.0 = Debug|Any CPU
		{0AC197C2-16F6-4102-98C1-F57994769605}.Release|Any CPU.ActiveCfg = Release|Any CPU
		{0AC197C2-16F6-4102-98C1-F57994769605}.Release|Any CPU.Build.0 = Release|Any CPU
		{3800A695-10A3-4AAD-B7BB-89BBDD749268}.Debug|Any CPU.ActiveCfg = Debug|Any CPU
		{3800A695-10A3-4AAD-B7BB-89BBDD749268}.Debug|Any CPU.Build.0 = Debug|Any CPU
		{3800A695-10A3-4AAD-B7BB-89BBDD749268}.Release|Any CPU.ActiveCfg = Release|Any CPU
		{3800A695-10A3-4AAD-B7BB-89BBDD749268}.Release|Any CPU.Build.0 = Release|Any CPU
		{229FAD82-29B2-4C00-8BFF-B514C2A530C9}.Debug|Any CPU.ActiveCfg = Debug|Any CPU
		{229FAD82-29B2-4C00-8BFF-B514C2A530C9}.Debug|Any CPU.Build.0 = Debug|Any CPU
		{229FAD82-29B2-4C00-8BFF-B514C2A530C9}.Release|Any CPU.ActiveCfg = Release|Any CPU
		{229FAD82-29B2-4C00-8BFF-B514C2A530C9}.Release|Any CPU.Build.0 = Release|Any CPU
		{0195698D-A443-425F-84C4-D28EC3B9E6D3}.Debug|Any CPU.ActiveCfg = Debug|Any CPU
		{0195698D-A443-425F-84C4-D28EC3B9E6D3}.Debug|Any CPU.Build.0 = Debug|Any CPU
		{0195698D-A443-425F-84C4-D28EC3B9E6D3}.Release|Any CPU.ActiveCfg = Release|Any CPU
		{0195698D-A443-425F-84C4-D28EC3B9E6D3}.Release|Any CPU.Build.0 = Release|Any CPU
		{96917CE6-9B84-4469-9F65-F7DD9589EFC3}.Debug|Any CPU.ActiveCfg = Debug|Any CPU
		{96917CE6-9B84-4469-9F65-F7DD9589EFC3}.Debug|Any CPU.Build.0 = Debug|Any CPU
		{96917CE6-9B84-4469-9F65-F7DD9589EFC3}.Release|Any CPU.ActiveCfg = Release|Any CPU
		{96917CE6-9B84-4469-9F65-F7DD9589EFC3}.Release|Any CPU.Build.0 = Release|Any CPU
		{71775041-846A-4C19-A8C8-A5E4FEB36214}.Debug|Any CPU.ActiveCfg = Debug|Any CPU
		{71775041-846A-4C19-A8C8-A5E4FEB36214}.Debug|Any CPU.Build.0 = Debug|Any CPU
		{71775041-846A-4C19-A8C8-A5E4FEB36214}.Release|Any CPU.ActiveCfg = Release|Any CPU
		{71775041-846A-4C19-A8C8-A5E4FEB36214}.Release|Any CPU.Build.0 = Release|Any CPU
		{211B6003-5660-408E-B967-4D58F772C22C}.Debug|Any CPU.ActiveCfg = Debug|Any CPU
		{211B6003-5660-408E-B967-4D58F772C22C}.Debug|Any CPU.Build.0 = Debug|Any CPU
		{211B6003-5660-408E-B967-4D58F772C22C}.Release|Any CPU.ActiveCfg = Release|Any CPU
		{211B6003-5660-408E-B967-4D58F772C22C}.Release|Any CPU.Build.0 = Release|Any CPU
		{5FA64D38-4CE6-4FD0-A9B0-46A8D0ED037C}.Debug|Any CPU.ActiveCfg = Debug|Any CPU
		{5FA64D38-4CE6-4FD0-A9B0-46A8D0ED037C}.Debug|Any CPU.Build.0 = Debug|Any CPU
		{5FA64D38-4CE6-4FD0-A9B0-46A8D0ED037C}.Release|Any CPU.ActiveCfg = Release|Any CPU
		{5FA64D38-4CE6-4FD0-A9B0-46A8D0ED037C}.Release|Any CPU.Build.0 = Release|Any CPU
		{92C63691-F656-4199-899C-14BAB815369F}.Debug|Any CPU.ActiveCfg = Debug|Any CPU
		{92C63691-F656-4199-899C-14BAB815369F}.Debug|Any CPU.Build.0 = Debug|Any CPU
		{92C63691-F656-4199-899C-14BAB815369F}.Release|Any CPU.ActiveCfg = Release|Any CPU
		{92C63691-F656-4199-899C-14BAB815369F}.Release|Any CPU.Build.0 = Release|Any CPU
		{FCFFDD3B-7649-4E68-A4EE-2E2DE9B49689}.Debug|Any CPU.ActiveCfg = Debug|Any CPU
		{FCFFDD3B-7649-4E68-A4EE-2E2DE9B49689}.Debug|Any CPU.Build.0 = Debug|Any CPU
		{FCFFDD3B-7649-4E68-A4EE-2E2DE9B49689}.Release|Any CPU.ActiveCfg = Release|Any CPU
		{FCFFDD3B-7649-4E68-A4EE-2E2DE9B49689}.Release|Any CPU.Build.0 = Release|Any CPU
		{D4434B82-887F-44D3-99AC-532C72EF4420}.Debug|Any CPU.ActiveCfg = Debug|Any CPU
		{D4434B82-887F-44D3-99AC-532C72EF4420}.Debug|Any CPU.Build.0 = Debug|Any CPU
		{D4434B82-887F-44D3-99AC-532C72EF4420}.Release|Any CPU.ActiveCfg = Release|Any CPU
		{D4434B82-887F-44D3-99AC-532C72EF4420}.Release|Any CPU.Build.0 = Release|Any CPU
		{B45FE992-4A0F-4BCF-AC9C-B6E098928761}.Debug|Any CPU.ActiveCfg = Debug|Any CPU
		{B45FE992-4A0F-4BCF-AC9C-B6E098928761}.Debug|Any CPU.Build.0 = Debug|Any CPU
		{B45FE992-4A0F-4BCF-AC9C-B6E098928761}.Release|Any CPU.ActiveCfg = Release|Any CPU
		{B45FE992-4A0F-4BCF-AC9C-B6E098928761}.Release|Any CPU.Build.0 = Release|Any CPU
		{978A9C75-BD40-47DD-9CC3-46A7EE5C6B0A}.Debug|Any CPU.ActiveCfg = Debug|Any CPU
		{978A9C75-BD40-47DD-9CC3-46A7EE5C6B0A}.Debug|Any CPU.Build.0 = Debug|Any CPU
		{978A9C75-BD40-47DD-9CC3-46A7EE5C6B0A}.Release|Any CPU.ActiveCfg = Release|Any CPU
		{978A9C75-BD40-47DD-9CC3-46A7EE5C6B0A}.Release|Any CPU.Build.0 = Release|Any CPU
		{3877ACD7-9133-4856-9BAF-0694D8E32693}.Debug|Any CPU.ActiveCfg = Debug|Any CPU
		{3877ACD7-9133-4856-9BAF-0694D8E32693}.Debug|Any CPU.Build.0 = Debug|Any CPU
		{3877ACD7-9133-4856-9BAF-0694D8E32693}.Release|Any CPU.ActiveCfg = Release|Any CPU
		{3877ACD7-9133-4856-9BAF-0694D8E32693}.Release|Any CPU.Build.0 = Release|Any CPU
		{0186F966-4093-4CF3-820B-BCA83968E966}.Debug|Any CPU.ActiveCfg = Debug|Any CPU
		{0186F966-4093-4CF3-820B-BCA83968E966}.Debug|Any CPU.Build.0 = Debug|Any CPU
		{0186F966-4093-4CF3-820B-BCA83968E966}.Release|Any CPU.ActiveCfg = Release|Any CPU
		{0186F966-4093-4CF3-820B-BCA83968E966}.Release|Any CPU.Build.0 = Release|Any CPU
		{EDDD4449-53E2-4C20-9E5B-54CDB828C172}.Debug|Any CPU.ActiveCfg = Debug|Any CPU
		{EDDD4449-53E2-4C20-9E5B-54CDB828C172}.Debug|Any CPU.Build.0 = Debug|Any CPU
		{EDDD4449-53E2-4C20-9E5B-54CDB828C172}.Release|Any CPU.ActiveCfg = Release|Any CPU
		{EDDD4449-53E2-4C20-9E5B-54CDB828C172}.Release|Any CPU.Build.0 = Release|Any CPU
		{65D33B91-F85A-4875-8CBD-F47ADB21A6C5}.Debug|Any CPU.ActiveCfg = Debug|Any CPU
		{65D33B91-F85A-4875-8CBD-F47ADB21A6C5}.Debug|Any CPU.Build.0 = Debug|Any CPU
		{65D33B91-F85A-4875-8CBD-F47ADB21A6C5}.Release|Any CPU.ActiveCfg = Release|Any CPU
		{65D33B91-F85A-4875-8CBD-F47ADB21A6C5}.Release|Any CPU.Build.0 = Release|Any CPU
		{850960F5-F193-40D4-B518-D34AC50C290F}.Debug|Any CPU.ActiveCfg = Debug|Any CPU
		{850960F5-F193-40D4-B518-D34AC50C290F}.Debug|Any CPU.Build.0 = Debug|Any CPU
		{850960F5-F193-40D4-B518-D34AC50C290F}.Release|Any CPU.ActiveCfg = Release|Any CPU
		{850960F5-F193-40D4-B518-D34AC50C290F}.Release|Any CPU.Build.0 = Release|Any CPU
		{F267C05E-7483-43FA-97DD-424B890BD737}.Debug|Any CPU.ActiveCfg = Debug|Any CPU
		{F267C05E-7483-43FA-97DD-424B890BD737}.Debug|Any CPU.Build.0 = Debug|Any CPU
		{F267C05E-7483-43FA-97DD-424B890BD737}.Release|Any CPU.ActiveCfg = Release|Any CPU
		{F267C05E-7483-43FA-97DD-424B890BD737}.Release|Any CPU.Build.0 = Release|Any CPU
		{F201C66F-B04B-46EF-A570-662C01F11D39}.Debug|Any CPU.ActiveCfg = Debug|Any CPU
		{F201C66F-B04B-46EF-A570-662C01F11D39}.Debug|Any CPU.Build.0 = Debug|Any CPU
		{F201C66F-B04B-46EF-A570-662C01F11D39}.Release|Any CPU.ActiveCfg = Release|Any CPU
		{F201C66F-B04B-46EF-A570-662C01F11D39}.Release|Any CPU.Build.0 = Release|Any CPU
		{2B69D3E6-BDC9-44E6-99B7-6EE8CD3E334F}.Debug|Any CPU.ActiveCfg = Debug|Any CPU
		{2B69D3E6-BDC9-44E6-99B7-6EE8CD3E334F}.Debug|Any CPU.Build.0 = Debug|Any CPU
		{2B69D3E6-BDC9-44E6-99B7-6EE8CD3E334F}.Release|Any CPU.ActiveCfg = Release|Any CPU
		{2B69D3E6-BDC9-44E6-99B7-6EE8CD3E334F}.Release|Any CPU.Build.0 = Release|Any CPU
		{66E5734F-2C84-4547-822A-FDAA51C67DD9}.Debug|Any CPU.ActiveCfg = Debug|Any CPU
		{66E5734F-2C84-4547-822A-FDAA51C67DD9}.Debug|Any CPU.Build.0 = Debug|Any CPU
		{66E5734F-2C84-4547-822A-FDAA51C67DD9}.Release|Any CPU.ActiveCfg = Release|Any CPU
		{66E5734F-2C84-4547-822A-FDAA51C67DD9}.Release|Any CPU.Build.0 = Release|Any CPU
		{DAB8EF88-EEFB-45D3-B627-FBCBF4D972AD}.Debug|Any CPU.ActiveCfg = Debug|Any CPU
		{DAB8EF88-EEFB-45D3-B627-FBCBF4D972AD}.Debug|Any CPU.Build.0 = Debug|Any CPU
		{DAB8EF88-EEFB-45D3-B627-FBCBF4D972AD}.Release|Any CPU.ActiveCfg = Release|Any CPU
		{DAB8EF88-EEFB-45D3-B627-FBCBF4D972AD}.Release|Any CPU.Build.0 = Release|Any CPU
		{3108B557-366E-4884-A42D-CFD58356EA07}.Debug|Any CPU.ActiveCfg = Debug|Any CPU
		{3108B557-366E-4884-A42D-CFD58356EA07}.Debug|Any CPU.Build.0 = Debug|Any CPU
		{3108B557-366E-4884-A42D-CFD58356EA07}.Release|Any CPU.ActiveCfg = Release|Any CPU
		{3108B557-366E-4884-A42D-CFD58356EA07}.Release|Any CPU.Build.0 = Release|Any CPU
		{B17366C2-633E-40D8-A96E-DC10719DA490}.Debug|Any CPU.ActiveCfg = Debug|Any CPU
		{B17366C2-633E-40D8-A96E-DC10719DA490}.Debug|Any CPU.Build.0 = Debug|Any CPU
		{B17366C2-633E-40D8-A96E-DC10719DA490}.Release|Any CPU.ActiveCfg = Release|Any CPU
		{B17366C2-633E-40D8-A96E-DC10719DA490}.Release|Any CPU.Build.0 = Release|Any CPU
		{180AC5B9-A154-460F-A085-5D9307AB33BC}.Debug|Any CPU.ActiveCfg = Debug|Any CPU
		{180AC5B9-A154-460F-A085-5D9307AB33BC}.Debug|Any CPU.Build.0 = Debug|Any CPU
		{180AC5B9-A154-460F-A085-5D9307AB33BC}.Release|Any CPU.ActiveCfg = Release|Any CPU
		{180AC5B9-A154-460F-A085-5D9307AB33BC}.Release|Any CPU.Build.0 = Release|Any CPU
		{D97CB6AA-70BA-4B2D-A9EB-33B6FBA1B60E}.Debug|Any CPU.ActiveCfg = Debug|Any CPU
		{D97CB6AA-70BA-4B2D-A9EB-33B6FBA1B60E}.Debug|Any CPU.Build.0 = Debug|Any CPU
		{D97CB6AA-70BA-4B2D-A9EB-33B6FBA1B60E}.Release|Any CPU.ActiveCfg = Release|Any CPU
		{D97CB6AA-70BA-4B2D-A9EB-33B6FBA1B60E}.Release|Any CPU.Build.0 = Release|Any CPU
		{8C201585-F281-4DB4-B38A-BD020A1A7926}.Debug|Any CPU.ActiveCfg = Debug|Any CPU
		{8C201585-F281-4DB4-B38A-BD020A1A7926}.Debug|Any CPU.Build.0 = Debug|Any CPU
		{8C201585-F281-4DB4-B38A-BD020A1A7926}.Release|Any CPU.ActiveCfg = Release|Any CPU
		{8C201585-F281-4DB4-B38A-BD020A1A7926}.Release|Any CPU.Build.0 = Release|Any CPU
		{E81651DC-C065-4EEB-AD63-AE592D2EC66A}.Debug|Any CPU.ActiveCfg = Debug|Any CPU
		{E81651DC-C065-4EEB-AD63-AE592D2EC66A}.Debug|Any CPU.Build.0 = Debug|Any CPU
		{E81651DC-C065-4EEB-AD63-AE592D2EC66A}.Release|Any CPU.ActiveCfg = Release|Any CPU
		{E81651DC-C065-4EEB-AD63-AE592D2EC66A}.Release|Any CPU.Build.0 = Release|Any CPU
		{96BB08A8-096B-4BDC-AB6B-D56715F2EEA3}.Debug|Any CPU.ActiveCfg = Debug|Any CPU
		{96BB08A8-096B-4BDC-AB6B-D56715F2EEA3}.Debug|Any CPU.Build.0 = Debug|Any CPU
		{96BB08A8-096B-4BDC-AB6B-D56715F2EEA3}.Release|Any CPU.ActiveCfg = Release|Any CPU
		{96BB08A8-096B-4BDC-AB6B-D56715F2EEA3}.Release|Any CPU.Build.0 = Release|Any CPU
		{CE0C85BD-EB90-4836-B85D-66C27533A6B6}.Debug|Any CPU.ActiveCfg = Debug|Any CPU
		{CE0C85BD-EB90-4836-B85D-66C27533A6B6}.Debug|Any CPU.Build.0 = Debug|Any CPU
		{CE0C85BD-EB90-4836-B85D-66C27533A6B6}.Release|Any CPU.ActiveCfg = Release|Any CPU
		{CE0C85BD-EB90-4836-B85D-66C27533A6B6}.Release|Any CPU.Build.0 = Release|Any CPU
		{5F2B635A-4B2A-436A-BB08-5826CCDFBC16}.Debug|Any CPU.ActiveCfg = Debug|Any CPU
		{5F2B635A-4B2A-436A-BB08-5826CCDFBC16}.Debug|Any CPU.Build.0 = Debug|Any CPU
		{5F2B635A-4B2A-436A-BB08-5826CCDFBC16}.Release|Any CPU.ActiveCfg = Release|Any CPU
		{5F2B635A-4B2A-436A-BB08-5826CCDFBC16}.Release|Any CPU.Build.0 = Release|Any CPU
		{70418DDB-4BD3-4830-8643-2B43B1DF33F6}.Debug|Any CPU.ActiveCfg = Debug|Any CPU
		{70418DDB-4BD3-4830-8643-2B43B1DF33F6}.Debug|Any CPU.Build.0 = Debug|Any CPU
		{70418DDB-4BD3-4830-8643-2B43B1DF33F6}.Release|Any CPU.ActiveCfg = Release|Any CPU
		{70418DDB-4BD3-4830-8643-2B43B1DF33F6}.Release|Any CPU.Build.0 = Release|Any CPU
		{BDADB1B6-0EC9-4C86-B041-5D262A283035}.Debug|Any CPU.ActiveCfg = Debug|Any CPU
		{BDADB1B6-0EC9-4C86-B041-5D262A283035}.Debug|Any CPU.Build.0 = Debug|Any CPU
		{BDADB1B6-0EC9-4C86-B041-5D262A283035}.Release|Any CPU.ActiveCfg = Release|Any CPU
		{BDADB1B6-0EC9-4C86-B041-5D262A283035}.Release|Any CPU.Build.0 = Release|Any CPU
		{65CF691B-D559-4132-865D-1F560CCCDDB0}.Debug|Any CPU.ActiveCfg = Debug|Any CPU
		{65CF691B-D559-4132-865D-1F560CCCDDB0}.Debug|Any CPU.Build.0 = Debug|Any CPU
		{65CF691B-D559-4132-865D-1F560CCCDDB0}.Release|Any CPU.ActiveCfg = Release|Any CPU
		{65CF691B-D559-4132-865D-1F560CCCDDB0}.Release|Any CPU.Build.0 = Release|Any CPU
		{01A7CB4F-E7A3-44F9-B959-4610F1B3A34A}.Debug|Any CPU.ActiveCfg = Debug|Any CPU
		{01A7CB4F-E7A3-44F9-B959-4610F1B3A34A}.Debug|Any CPU.Build.0 = Debug|Any CPU
		{01A7CB4F-E7A3-44F9-B959-4610F1B3A34A}.Release|Any CPU.ActiveCfg = Release|Any CPU
		{01A7CB4F-E7A3-44F9-B959-4610F1B3A34A}.Release|Any CPU.Build.0 = Release|Any CPU
		{18D45A4F-82F9-4120-9325-7225A5F1EA37}.Debug|Any CPU.ActiveCfg = Debug|Any CPU
		{18D45A4F-82F9-4120-9325-7225A5F1EA37}.Debug|Any CPU.Build.0 = Debug|Any CPU
		{18D45A4F-82F9-4120-9325-7225A5F1EA37}.Release|Any CPU.ActiveCfg = Release|Any CPU
		{18D45A4F-82F9-4120-9325-7225A5F1EA37}.Release|Any CPU.Build.0 = Release|Any CPU
		{53EC2B77-2868-448B-990B-B89291180CAD}.Debug|Any CPU.ActiveCfg = Debug|Any CPU
		{53EC2B77-2868-448B-990B-B89291180CAD}.Debug|Any CPU.Build.0 = Debug|Any CPU
		{53EC2B77-2868-448B-990B-B89291180CAD}.Release|Any CPU.ActiveCfg = Release|Any CPU
		{53EC2B77-2868-448B-990B-B89291180CAD}.Release|Any CPU.Build.0 = Release|Any CPU
		{AE1D012F-7910-4A41-B0C4-C6FCF722611A}.Debug|Any CPU.ActiveCfg = Debug|Any CPU
		{AE1D012F-7910-4A41-B0C4-C6FCF722611A}.Debug|Any CPU.Build.0 = Debug|Any CPU
		{AE1D012F-7910-4A41-B0C4-C6FCF722611A}.Release|Any CPU.ActiveCfg = Release|Any CPU
		{AE1D012F-7910-4A41-B0C4-C6FCF722611A}.Release|Any CPU.Build.0 = Release|Any CPU
		{40315E04-55C6-433E-AAA7-44BF96A551F8}.Debug|Any CPU.ActiveCfg = Debug|Any CPU
		{40315E04-55C6-433E-AAA7-44BF96A551F8}.Debug|Any CPU.Build.0 = Debug|Any CPU
		{40315E04-55C6-433E-AAA7-44BF96A551F8}.Release|Any CPU.ActiveCfg = Release|Any CPU
		{40315E04-55C6-433E-AAA7-44BF96A551F8}.Release|Any CPU.Build.0 = Release|Any CPU
		{E50A8A20-F673-4F19-8453-00FE384500CE}.Debug|Any CPU.ActiveCfg = Debug|Any CPU
		{E50A8A20-F673-4F19-8453-00FE384500CE}.Debug|Any CPU.Build.0 = Debug|Any CPU
		{E50A8A20-F673-4F19-8453-00FE384500CE}.Release|Any CPU.ActiveCfg = Release|Any CPU
		{E50A8A20-F673-4F19-8453-00FE384500CE}.Release|Any CPU.Build.0 = Release|Any CPU
		{5AC3FE79-02E6-4F07-80F5-9C38C0BD9EB7}.Debug|Any CPU.ActiveCfg = Debug|Any CPU
		{5AC3FE79-02E6-4F07-80F5-9C38C0BD9EB7}.Debug|Any CPU.Build.0 = Debug|Any CPU
		{5AC3FE79-02E6-4F07-80F5-9C38C0BD9EB7}.Release|Any CPU.ActiveCfg = Release|Any CPU
		{5AC3FE79-02E6-4F07-80F5-9C38C0BD9EB7}.Release|Any CPU.Build.0 = Release|Any CPU
		{280F621F-7FF7-4D0D-B28F-C0D7D84577B3}.Debug|Any CPU.ActiveCfg = Debug|Any CPU
		{280F621F-7FF7-4D0D-B28F-C0D7D84577B3}.Debug|Any CPU.Build.0 = Debug|Any CPU
		{280F621F-7FF7-4D0D-B28F-C0D7D84577B3}.Release|Any CPU.ActiveCfg = Release|Any CPU
		{280F621F-7FF7-4D0D-B28F-C0D7D84577B3}.Release|Any CPU.Build.0 = Release|Any CPU
		{EBBDCED3-A8D1-42C5-9708-2AFC66E9A5D8}.Debug|Any CPU.ActiveCfg = Debug|Any CPU
		{EBBDCED3-A8D1-42C5-9708-2AFC66E9A5D8}.Debug|Any CPU.Build.0 = Debug|Any CPU
		{EBBDCED3-A8D1-42C5-9708-2AFC66E9A5D8}.Release|Any CPU.ActiveCfg = Release|Any CPU
		{EBBDCED3-A8D1-42C5-9708-2AFC66E9A5D8}.Release|Any CPU.Build.0 = Release|Any CPU
		{4CB95896-09FC-4D16-8448-E9704ACFEF59}.Debug|Any CPU.ActiveCfg = Debug|Any CPU
		{4CB95896-09FC-4D16-8448-E9704ACFEF59}.Debug|Any CPU.Build.0 = Debug|Any CPU
		{4CB95896-09FC-4D16-8448-E9704ACFEF59}.Release|Any CPU.ActiveCfg = Release|Any CPU
		{4CB95896-09FC-4D16-8448-E9704ACFEF59}.Release|Any CPU.Build.0 = Release|Any CPU
		{585AC5CD-A1B4-4F26-B1D5-B5BA09996182}.Debug|Any CPU.ActiveCfg = Debug|Any CPU
		{585AC5CD-A1B4-4F26-B1D5-B5BA09996182}.Debug|Any CPU.Build.0 = Debug|Any CPU
		{585AC5CD-A1B4-4F26-B1D5-B5BA09996182}.Release|Any CPU.ActiveCfg = Release|Any CPU
		{585AC5CD-A1B4-4F26-B1D5-B5BA09996182}.Release|Any CPU.Build.0 = Release|Any CPU
	EndGlobalSection
	GlobalSection(SolutionProperties) = preSolution
		HideSolutionNode = FALSE
	EndGlobalSection
	GlobalSection(NestedProjects) = preSolution
		{48843D6D-CDD6-46DD-AF8C-5BF99DA239E3} = {4F6B15D9-FAEF-4454-B560-CE0CF49EBF8C}
		{7B8A3D63-EFE7-4D2C-988B-84FB1DEB0478} = {440D41CF-E5BA-4492-AF5A-3AEF5FCB63FF}
		{95108FA1-FE70-489C-AB66-4683478B3C1E} = {440D41CF-E5BA-4492-AF5A-3AEF5FCB63FF}
		{4254D83D-D64D-41C5-92B9-3F4000288E1B} = {440D41CF-E5BA-4492-AF5A-3AEF5FCB63FF}
		{42C56FD6-341E-4C81-8BBD-213DED2321E1} = {440D41CF-E5BA-4492-AF5A-3AEF5FCB63FF}
		{3A9AC4FF-A6D4-4178-BF78-41FA03250FD6} = {440D41CF-E5BA-4492-AF5A-3AEF5FCB63FF}
		{047629CB-4120-4AF8-A693-F4FA2FD09775} = {440D41CF-E5BA-4492-AF5A-3AEF5FCB63FF}
		{7A817E1A-9067-400E-B4CA-9B16A38B897B} = {440D41CF-E5BA-4492-AF5A-3AEF5FCB63FF}
		{0AC197C2-16F6-4102-98C1-F57994769605} = {440D41CF-E5BA-4492-AF5A-3AEF5FCB63FF}
		{3800A695-10A3-4AAD-B7BB-89BBDD749268} = {440D41CF-E5BA-4492-AF5A-3AEF5FCB63FF}
		{229FAD82-29B2-4C00-8BFF-B514C2A530C9} = {440D41CF-E5BA-4492-AF5A-3AEF5FCB63FF}
		{0195698D-A443-425F-84C4-D28EC3B9E6D3} = {14B5E3A9-BC73-4FFA-9F58-CF546A09358C}
		{96917CE6-9B84-4469-9F65-F7DD9589EFC3} = {14B5E3A9-BC73-4FFA-9F58-CF546A09358C}
		{71775041-846A-4C19-A8C8-A5E4FEB36214} = {14B5E3A9-BC73-4FFA-9F58-CF546A09358C}
		{211B6003-5660-408E-B967-4D58F772C22C} = {14B5E3A9-BC73-4FFA-9F58-CF546A09358C}
		{5FA64D38-4CE6-4FD0-A9B0-46A8D0ED037C} = {14B5E3A9-BC73-4FFA-9F58-CF546A09358C}
		{92C63691-F656-4199-899C-14BAB815369F} = {14B5E3A9-BC73-4FFA-9F58-CF546A09358C}
		{FCFFDD3B-7649-4E68-A4EE-2E2DE9B49689} = {9EA84396-D4D9-4C00-8BBC-E1E31A1EF96D}
		{D4434B82-887F-44D3-99AC-532C72EF4420} = {9EA84396-D4D9-4C00-8BBC-E1E31A1EF96D}
		{B45FE992-4A0F-4BCF-AC9C-B6E098928761} = {9EA84396-D4D9-4C00-8BBC-E1E31A1EF96D}
		{978A9C75-BD40-47DD-9CC3-46A7EE5C6B0A} = {9EA84396-D4D9-4C00-8BBC-E1E31A1EF96D}
		{3877ACD7-9133-4856-9BAF-0694D8E32693} = {7D6E91BD-EC1A-4B1D-A839-17E25783CDD4}
		{0186F966-4093-4CF3-820B-BCA83968E966} = {7D6E91BD-EC1A-4B1D-A839-17E25783CDD4}
		{EDDD4449-53E2-4C20-9E5B-54CDB828C172} = {7D6E91BD-EC1A-4B1D-A839-17E25783CDD4}
		{65D33B91-F85A-4875-8CBD-F47ADB21A6C5} = {8BCD3058-FDDE-4741-83CB-AB4A1A462565}
		{850960F5-F193-40D4-B518-D34AC50C290F} = {8BCD3058-FDDE-4741-83CB-AB4A1A462565}
		{F267C05E-7483-43FA-97DD-424B890BD737} = {8BCD3058-FDDE-4741-83CB-AB4A1A462565}
		{F201C66F-B04B-46EF-A570-662C01F11D39} = {8BCD3058-FDDE-4741-83CB-AB4A1A462565}
		{2B69D3E6-BDC9-44E6-99B7-6EE8CD3E334F} = {8BCD3058-FDDE-4741-83CB-AB4A1A462565}
		{66E5734F-2C84-4547-822A-FDAA51C67DD9} = {3777E83F-820A-425F-9D18-5C2F095DE33E}
		{DAB8EF88-EEFB-45D3-B627-FBCBF4D972AD} = {3777E83F-820A-425F-9D18-5C2F095DE33E}
		{3108B557-366E-4884-A42D-CFD58356EA07} = {9EAAB558-1BF9-48CA-B3B5-E35561E0FDE9}
		{B17366C2-633E-40D8-A96E-DC10719DA490} = {9EAAB558-1BF9-48CA-B3B5-E35561E0FDE9}
		{180AC5B9-A154-460F-A085-5D9307AB33BC} = {9EAAB558-1BF9-48CA-B3B5-E35561E0FDE9}
		{D97CB6AA-70BA-4B2D-A9EB-33B6FBA1B60E} = {9EAAB558-1BF9-48CA-B3B5-E35561E0FDE9}
		{8C201585-F281-4DB4-B38A-BD020A1A7926} = {9EAAB558-1BF9-48CA-B3B5-E35561E0FDE9}
		{E81651DC-C065-4EEB-AD63-AE592D2EC66A} = {9EAAB558-1BF9-48CA-B3B5-E35561E0FDE9}
		{96BB08A8-096B-4BDC-AB6B-D56715F2EEA3} = {9EAAB558-1BF9-48CA-B3B5-E35561E0FDE9}
		{CE0C85BD-EB90-4836-B85D-66C27533A6B6} = {668CB361-6977-4605-BA67-18F5A2A038DE}
		{5F2B635A-4B2A-436A-BB08-5826CCDFBC16} = {668CB361-6977-4605-BA67-18F5A2A038DE}
		{70418DDB-4BD3-4830-8643-2B43B1DF33F6} = {668CB361-6977-4605-BA67-18F5A2A038DE}
		{BDADB1B6-0EC9-4C86-B041-5D262A283035} = {668CB361-6977-4605-BA67-18F5A2A038DE}
		{65CF691B-D559-4132-865D-1F560CCCDDB0} = {668CB361-6977-4605-BA67-18F5A2A038DE}
		{01A7CB4F-E7A3-44F9-B959-4610F1B3A34A} = {668CB361-6977-4605-BA67-18F5A2A038DE}
		{18D45A4F-82F9-4120-9325-7225A5F1EA37} = {668CB361-6977-4605-BA67-18F5A2A038DE}
		{53EC2B77-2868-448B-990B-B89291180CAD} = {668CB361-6977-4605-BA67-18F5A2A038DE}
		{AE1D012F-7910-4A41-B0C4-C6FCF722611A} = {668CB361-6977-4605-BA67-18F5A2A038DE}
		{40315E04-55C6-433E-AAA7-44BF96A551F8} = {668CB361-6977-4605-BA67-18F5A2A038DE}
		{E50A8A20-F673-4F19-8453-00FE384500CE} = {668CB361-6977-4605-BA67-18F5A2A038DE}
		{5AC3FE79-02E6-4F07-80F5-9C38C0BD9EB7} = {668CB361-6977-4605-BA67-18F5A2A038DE}
		{280F621F-7FF7-4D0D-B28F-C0D7D84577B3} = {675954BC-17EB-4D95-8772-A626B18EBC3D}
		{EBBDCED3-A8D1-42C5-9708-2AFC66E9A5D8} = {675954BC-17EB-4D95-8772-A626B18EBC3D}
		{4CB95896-09FC-4D16-8448-E9704ACFEF59} = {675954BC-17EB-4D95-8772-A626B18EBC3D}
		{585AC5CD-A1B4-4F26-B1D5-B5BA09996182} = {675954BC-17EB-4D95-8772-A626B18EBC3D}
	EndGlobalSection
	GlobalSection(ExtensibilityGlobals) = postSolution
		SolutionGuid = {D4A84C2F-CA0F-4B68-8FC3-AFF80C6A6C72}
	EndGlobalSection
EndGlobal
